PODS:
  - iOSDropDown (0.3.4)
  - Kingfisher (5.9.0):
    - Kingfisher/Core (= 5.9.0)
  - Kingfisher/Core (5.9.0)
  - NVActivityIndicatorView (4.8.0):
    - NVActivityIndicatorView/Presenter (= 4.8.0)
  - NVActivityIndicatorView/Presenter (4.8.0)

DEPENDENCIES:
  - iOSDropDown
  - Kingfisher
  - NVActivityIndicatorView

SPEC REPOS:
  https://github.com/CocoaPods/Specs.git:
    - iOSDropDown
    - Kingfisher
    - NVActivityIndicatorView

SPEC CHECKSUMS:
  iOSDropDown: c10a761f9a00c3f1cc9d3bce43ae504628e2f692
  Kingfisher: ff98240aebb7302bdc4f1ecd701761030ce18b16
  NVActivityIndicatorView: d24b7ebcf80af5dcd994adb650e2b6c93379270f

PODFILE CHECKSUM: 7bf730a76e9e2000909a3eecd1efc321ecefdfe4

COCOAPODS: 1.8.4
